PODS:
  - PureLayout (3.1.6)
  - SimpleImageSlider (2.0.0):
    - PureLayout

DEPENDENCIES:
  - PureLayout
  - SimpleImageSlider (from `../`)

SPEC REPOS:
  trunk:
    - PureLayout

EXTERNAL SOURCES:
  SimpleImageSlider:
    :path: "../"

SPEC CHECKSUMS:
  PureLayout: bd3c4ec3a3819ad387c99ebb72c6b129c3ed4d2d
  SimpleImageSlider: a34ff2f57bc4f8ccb490da7bff448dcc5f405915

PODFILE CHECKSUM: ca5790365fc7d5eef756e71a9675dfb23319de0a

COCOAPODS: 1.10.0.rc.1
