PODS:
  - PureLayout (3.1.4)
  - SimpleImageSlider (2.0.0):
    - PureLayout

DEPENDENCIES:
  - PureLayout
  - SimpleImageSlider (from `../`)

SPEC REPOS:
  https://github.com/cocoapods/specs.git:
    - PureLayout

EXTERNAL SOURCES:
  SimpleImageSlider:
    :path: "../"

SPEC CHECKSUMS:
  PureLayout: f08c01b8dec00bb14a1fefa3de4c7d9c265df85e
  SimpleImageSlider: a34ff2f57bc4f8ccb490da7bff448dcc5f405915

PODFILE CHECKSUM: c833a07a9fd1cc724965961df70e1fc77d100796

COCOAPODS: 1.7.5
