PODS:
  - SimpleImageSlider (3.1.0)

DEPENDENCIES:
  - SimpleImageSlider (from `../`)

EXTERNAL SOURCES:
  SimpleImageSlider:
    :path: "../"

SPEC CHECKSUMS:
  SimpleImageSlider: 0ec1954d2a557e52f2b5a20882f700c50d7710a8

PODFILE CHECKSUM: b20e375bb6cef8d83370d80973b5b542fd1fd3e3

COCOAPODS: 1.11.3
